
Microsoft Visual Studio Solution File, Format Version 12.00
# Visual Studio Version 16
VisualStudioVersion = 16.0.29411.108
MinimumVisualStudioVersion = 10.0.40219.1
Project("{FAE04EC0-301F-11D3-BF4B-00C04F79EFBC}") = "Lottery2", "Lottery2\Lottery2.csproj", "{A86E9C0A-BD74-4831-800C-92C54898BE8C}"
EndProject
Global
	GlobalSection(SolutionConfigurationPlatforms) = preSolution
		Debug|Any CPU = Debug|Any CPU
		Release|Any CPU = Release|Any CPU
	EndGlobalSection
	GlobalSection(ProjectConfigurationPlatforms) = postSolution
		{A86E9C0A-BD74-4831-800C-92C54898BE8C}.Debug|Any CPU.ActiveCfg = Debug|Any CPU
		{A86E9C0A-BD74-4831-800C-92C54898BE8C}.Debug|Any CPU.Build.0 = Debug|Any CPU
		{A86E9C0A-BD74-4831-800C-92C54898BE8C}.Release|Any CPU.ActiveCfg = Release|Any CPU
		{A86E9C0A-BD74-4831-800C-92C54898BE8C}.Release|Any CPU.Build.0 = Release|Any CPU
	EndGlobalSection
	GlobalSection(SolutionProperties) = preSolution
		HideSolutionNode = FALSE
	EndGlobalSection
	GlobalSection(ExtensibilityGlobals) = postSolution
		SolutionGuid = {8288A7EE-4188-4AB4-93C8-9264BB1B8EC9}
	EndGlobalSection
EndGlobal
